github.com/vickz86/GoFunctions v0.0.0-20240704162839-2839f4c04d66 h1:SO1SzZZNEntfFe4DzNT7txpqttAot9c+n9jUm8zo1Qk=
github.com/vickz86/GoFunctions v0.0.0-20240704162839-2839f4c04d66/go.mod h1:cnq2AW9YAjb6khB6/0yQfYIKcI7HvjElA1AnXO6qCLk=
github.com/vickz86/GoFunctions v0.0.0-20240704164553-bc84964eebec h1:cwZt1CCQVV+JYTrvtZqc7A5KaJlm9woOeLnBjpCJmag=
github.com/vickz86/GoFunctions v0.0.0-20240704164553-bc84964eebec/go.mod h1:cnq2AW9YAjb6khB6/0yQfYIKcI7HvjElA1AnXO6qCLk=
github.com/vickz86/GoFunctions v0.0.0-20240704194702-bd2642843cf4 h1:LzfpbpK2EwUz++IbnjLJFA461VUeTHSvjI8Bihq4lyQ=
github.com/vickz86/GoFunctions v0.0.0-20240704194702-bd2642843cf4/go.mod h1:cnq2AW9YAjb6khB6/0yQfYIKcI7HvjElA1AnXO6qCLk=
github.com/vickz86/GoFunctions v0.0.0-20240705145945-918a712080fa h1:TFTGEVbJBRwpgA+e9amopPdik4AsqnLMS4xtICH9YRU=
github.com/vickz86/GoFunctions v0.0.0-20240705145945-918a712080fa/go.mod h1:cnq2AW9YAjb6khB6/0yQfYIKcI7HvjElA1AnXO6qCLk=
